// !$*UTF8*$!
{
	archiveVersion = 1;
	classes = {
	};
	objectVersion = 77;
	objects = {

/* Begin PBXContainerItemProxy section */
		A10132DE2DFB24D3009D3228 /* PBXContainerItemProxy */ = {
			isa = PBXContainerItemProxy;
			containerPortal = A10132C52DFB24D0009D3228 /* Project object */;
			proxyType = 1;
			remoteGlobalIDString = A10132CC2DFB24D0009D3228;
			remoteInfo = AGMarvelApp;
		};
		A10132E82DFB24D3009D3228 /* PBXContainerItemProxy */ = {
			isa = PBXContainerItemProxy;
			containerPortal = A10132C52DFB24D0009D3228 /* Project object */;
			proxyType = 1;
			remoteGlobalIDString = A10132CC2DFB24D0009D3228;
			remoteInfo = AGMarvelApp;
		};
/* End PBXContainerItemProxy section */

/* Begin PBXFileReference section */
		A10132CD2DFB24D0009D3228 /* AGMarvelApp.app */ = {isa = PBXFileReference; explicitFileType = wrapper.application; includeInIndex = 0; path = AGMarvelApp.app; sourceTree = BUILT_PRODUCTS_DIR; };
		A10132DD2DFB24D3009D3228 /* AGMarvelAppTests.xctest */ = {isa = PBXFileReference; explicitFileType = wrapper.cfbundle; includeInIndex = 0; path = AGMarvelAppTests.xctest; sourceTree = BUILT_PRODUCTS_DIR; };
		A10132E72DFB24D3009D3228 /* AGMarvelAppUITests.xctest */ = {isa = PBXFileReference; explicitFileType = wrapper.cfbundle; includeInIndex = 0; path = AGMarvelAppUITests.xctest; sourceTree = BUILT_PRODUCTS_DIR; };
		A10132FC2DFB2519009D3228 /* AGMarvelApp.xcodeproj */ = {isa = PBXFileReference; lastKnownFileType = "wrapper.pb-project"; path = AGMarvelApp.xcodeproj; sourceTree = "<group>"; };
/* End PBXFileReference section */

/* Begin PBXFileSystemSynchronizedBuildFileExceptionSet section */
		A10134452DFB42BC009D3228 /* Exceptions for "AGMarvelApp" folder in "AGMarvelApp" target */ = {
			isa = PBXFileSystemSynchronizedBuildFileExceptionSet;
			membershipExceptions = (
				Info.plist,
			);
			target = A10132CC2DFB24D0009D3228 /* AGMarvelApp */;
		};
/* End PBXFileSystemSynchronizedBuildFileExceptionSet section */

/* Begin PBXFileSystemSynchronizedRootGroup section */
		A10132CF2DFB24D0009D3228 /* AGMarvelApp */ = {
			isa = PBXFileSystemSynchronizedRootGroup;
			exceptions = (
				A10134452DFB42BC009D3228 /* Exceptions for "AGMarvelApp" folder in "AGMarvelApp" target */,
			);
			path = AGMarvelApp;
			sourceTree = "<group>";
		};
		A10132E02DFB24D3009D3228 /* AGMarvelAppTests */ = {
			isa = PBXFileSystemSynchronizedRootGroup;
			path = AGMarvelAppTests;
			sourceTree = "<group>";
		};
		A10132EA2DFB24D3009D3228 /* AGMarvelAppUITests */ = {
			isa = PBXFileSystemSynchronizedRootGroup;
			path = AGMarvelAppUITests;
			sourceTree = "<group>";
		};
/* End PBXFileSystemSynchronizedRootGroup section */

/* Begin PBXFrameworksBuildPhase section */
		A10132CA2DFB24D0009D3228 /* Frameworks */ = {
			isa = PBXFrameworksBuildPhase;
			buildActionMask = 2147483647;
			files = (
			);
			runOnlyForDeploymentPostprocessing = 0;
		};
		A10132DA2DFB24D3009D3228 /* Frameworks */ = {
			isa = PBXFrameworksBuildPhase;
			buildActionMask = 2147483647;
			files = (
			);
			runOnlyForDeploymentPostprocessing = 0;
		};
		A10132E42DFB24D3009D3228 /* Frameworks */ = {
			isa = PBXFrameworksBuildPhase;
			buildActionMask = 2147483647;
			files = (
			);
			runOnlyForDeploymentPostprocessing = 0;
		};
/* End PBXFrameworksBuildPhase section */

/* Begin PBXGroup section */
		A10132C42DFB24D0009D3228 = {
			isa = PBXGroup;
			children = (
				A10132CF2DFB24D0009D3228 /* AGMarvelApp */,
				A10132E02DFB24D3009D3228 /* AGMarvelAppTests */,
				A10132EA2DFB24D3009D3228 /* AGMarvelAppUITests */,
				A10132CE2DFB24D0009D3228 /* Products */,
			);
			sourceTree = "<group>";
		};
		A10132CE2DFB24D0009D3228 /* Products */ = {
			isa = PBXGroup;
			children = (
				A10132CD2DFB24D0009D3228 /* AGMarvelApp.app */,
				A10132DD2DFB24D3009D3228 /* AGMarvelAppTests.xctest */,
				A10132E72DFB24D3009D3228 /* AGMarvelAppUITests.xctest */,
			);
			name = Products;
			sourceTree = "<group>";
		};
		A10133002DFB2519009D3228 /* Products */ = {
			isa = PBXGroup;
			children = (
			);
			name = Products;
			sourceTree = "<group>";
		};
/* End PBXGroup section */

/* Begin PBXNativeTarget section */
		A10132CC2DFB24D0009D3228 /* AGMarvelApp */ = {
			isa = PBXNativeTarget;
			buildConfigurationList = A10132F12DFB24D3009D3228 /* Build configuration list for PBXNativeTarget "AGMarvelApp" */;
			buildPhases = (
				A10132C92DFB24D0009D3228 /* Sources */,
				A10132CA2DFB24D0009D3228 /* Frameworks */,
				A10132CB2DFB24D0009D3228 /* Resources */,
			);
			buildRules = (
			);
			dependencies = (
			);
			fileSystemSynchronizedGroups = (
				A10132CF2DFB24D0009D3228 /* AGMarvelApp */,
			);
			name = AGMarvelApp;
			packageProductDependencies = (
			);
			productName = AGMarvelApp;
			productReference = A10132CD2DFB24D0009D3228 /* AGMarvelApp.app */;
			productType = "com.apple.product-type.application";
		};
		A10132DC2DFB24D3009D3228 /* AGMarvelAppTests */ = {
			isa = PBXNativeTarget;
			buildConfigurationList = A10132F42DFB24D3009D3228 /* Build configuration list for PBXNativeTarget "AGMarvelAppTests" */;
			buildPhases = (
				A10132D92DFB24D3009D3228 /* Sources */,
				A10132DA2DFB24D3009D3228 /* Frameworks */,
				A10132DB2DFB24D3009D3228 /* Resources */,
			);
			buildRules = (
			);
			dependencies = (
				A10132DF2DFB24D3009D3228 /* PBXTargetDependency */,
			);
			fileSystemSynchronizedGroups = (
				A10132E02DFB24D3009D3228 /* AGMarvelAppTests */,
			);
			name = AGMarvelAppTests;
			packageProductDependencies = (
			);
			productName = AGMarvelAppTests;
			productReference = A10132DD2DFB24D3009D3228 /* AGMarvelAppTests.xctest */;
			productType = "com.apple.product-type.bundle.unit-test";
		};
		A10132E62DFB24D3009D3228 /* AGMarvelAppUITests */ = {
			isa = PBXNativeTarget;
			buildConfigurationList = A10132F72DFB24D3009D3228 /* Build configuration list for PBXNativeTarget "AGMarvelAppUITests" */;
			buildPhases = (
				A10132E32DFB24D3009D3228 /* Sources */,
				A10132E42DFB24D3009D3228 /* Frameworks */,
				A10132E52DFB24D3009D3228 /* Resources */,
			);
			buildRules = (
			);
			dependencies = (
				A10132E92DFB24D3009D3228 /* PBXTargetDependency */,
			);
			fileSystemSynchronizedGroups = (
				A10132EA2DFB24D3009D3228 /* AGMarvelAppUITests */,
			);
			name = AGMarvelAppUITests;
			packageProductDependencies = (
			);
			productName = AGMarvelAppUITests;
			productReference = A10132E72DFB24D3009D3228 /* AGMarvelAppUITests.xctest */;
			productType = "com.apple.product-type.bundle.ui-testing";
		};
/* End PBXNativeTarget section */

/* Begin PBXProject section */
		A10132C52DFB24D0009D3228 /* Project object */ = {
			isa = PBXProject;
			attributes = {
				BuildIndependentTargetsInParallel = 1;
				LastSwiftUpdateCheck = 1620;
				LastUpgradeCheck = 1620;
				TargetAttributes = {
					A10132CC2DFB24D0009D3228 = {
						CreatedOnToolsVersion = 16.2;
					};
					A10132DC2DFB24D3009D3228 = {
						CreatedOnToolsVersion = 16.2;
						TestTargetID = A10132CC2DFB24D0009D3228;
					};
					A10132E62DFB24D3009D3228 = {
						CreatedOnToolsVersion = 16.2;
						TestTargetID = A10132CC2DFB24D0009D3228;
					};
				};
			};
			buildConfigurationList = A10132C82DFB24D0009D3228 /* Build configuration list for PBXProject "AGMarvelApp" */;
			developmentRegion = en;
			hasScannedForEncodings = 0;
			knownRegions = (
				en,
				Base,
			);
			mainGroup = A10132C42DFB24D0009D3228;
			minimizedProjectReferenceProxies = 1;
			preferredProjectObjectVersion = 77;
			productRefGroup = A10132CE2DFB24D0009D3228 /* Products */;
			projectDirPath = "";
			projectReferences = (
				{
					ProductGroup = A10133002DFB2519009D3228 /* Products */;
					ProjectRef = A10132FC2DFB2519009D3228 /* AGMarvelApp.xcodeproj */;
				},
			);
			projectRoot = "";
			targets = (
				A10132CC2DFB24D0009D3228 /* AGMarvelApp */,
				A10132DC2DFB24D3009D3228 /* AGMarvelAppTests */,
				A10132E62DFB24D3009D3228 /* AGMarvelAppUITests */,
			);
		};
/* End PBXProject section */

/* Begin PBXResourcesBuildPhase section */
		A10132CB2DFB24D0009D3228 /* Resources */ = {
			isa = PBXResourcesBuildPhase;
			buildActionMask = 2147483647;
			files = (
			);
			runOnlyForDeploymentPostprocessing = 0;
		};
		A10132DB2DFB24D3009D3228 /* Resources */ = {
			isa = PBXResourcesBuildPhase;
			buildActionMask = 2147483647;
			files = (
			);
			runOnlyForDeploymentPostprocessing = 0;
		};
		A10132E52DFB24D3009D3228 /* Resources */ = {
			isa = PBXResourcesBuildPhase;
			buildActionMask = 2147483647;
			files = (
			);
			runOnlyForDeploymentPostprocessing = 0;
		};
/* End PBXResourcesBuildPhase section */

/* Begin PBXSourcesBuildPhase section */
		A10132C92DFB24D0009D3228 /* Sources */ = {
			isa = PBXSourcesBuildPhase;
			buildActionMask = 2147483647;
			files = (
			);
			runOnlyForDeploymentPostprocessing = 0;
		};
		A10132D92DFB24D3009D3228 /* Sources */ = {
			isa = PBXSourcesBuildPhase;
			buildActionMask = 2147483647;
			files = (
			);
			runOnlyForDeploymentPostprocessing = 0;
		};
		A10132E32DFB24D3009D3228 /* Sources */ = {
			isa = PBXSourcesBuildPhase;
			buildActionMask = 2147483647;
			files = (
			);
			runOnlyForDeploymentPostprocessing = 0;
		};
/* End PBXSourcesBuildPhase section */

/* Begin PBXTargetDependency section */
		A10132DF2DFB24D3009D3228 /* PBXTargetDependency */ = {
			isa = PBXTargetDependency;
			target = A10132CC2DFB24D0009D3228 /* AGMarvelApp */;
			targetProxy = A10132DE2DFB24D3009D3228 /* PBXContainerItemProxy */;
		};
		A10132E92DFB24D3009D3228 /* PBXTargetDependency */ = {
			isa = PBXTargetDependency;
			target = A10132CC2DFB24D0009D3228 /* AGMarvelApp */;
			targetProxy = A10132E82DFB24D3009D3228 /* PBXContainerItemProxy */;
		};
/* End PBXTargetDependency section */

/* Begin XCBuildConfiguration section */
		A10132EF2DFB24D3009D3228 /* Debug */ = {
			isa = XCBuildConfiguration;
			buildSettings = {
				ALWAYS_SEARCH_USER_PATHS = NO;
				ASSETCATALOG_COMPILER_GENERATE_SWIFT_ASSET_SYMBOL_EXTENSIONS = YES;
				CLANG_ANALYZER_NONNULL = YES;
				CLANG_ANALYZER_NUMBER_OBJECT_CONVERSION = YES_AGGRESSIVE;
				CLANG_CXX_LANGUAGE_STANDARD = "gnu++20";
				CLANG_ENABLE_MODULES = YES;
				CLANG_ENABLE_OBJC_ARC = YES;
				CLANG_ENABLE_OBJC_WEAK = YES;
				CLANG_WARN_BLOCK_CAPTURE_AUTORELEASING = YES;
				CLANG_WARN_BOOL_CONVERSION = YES;
				CLANG_WARN_COMMA = YES;
				CLANG_WARN_CONSTANT_CONVERSION = YES;
				CLANG_WARN_DEPRECATED_OBJC_IMPLEMENTATIONS = YES;
				CLANG_WARN_DIRECT_OBJC_ISA_USAGE = YES_ERROR;
				CLANG_WARN_DOCUMENTATION_COMMENTS = YES;
				CLANG_WARN_EMPTY_BODY = YES;
				CLANG_WARN_ENUM_CONVERSION = YES;
				CLANG_WARN_INFINITE_RECURSION = YES;
				CLANG_WARN_INT_CONVERSION = YES;
				CLANG_WARN_NON_LITERAL_NULL_CONVERSION = YES;
				CLANG_WARN_OBJC_IMPLICIT_RETAIN_SELF = YES;
				CLANG_WARN_OBJC_LITERAL_CONVERSION = YES;
				CLANG_WARN_OBJC_ROOT_CLASS = YES_ERROR;
				CLANG_WARN_QUOTED_INCLUDE_IN_FRAMEWORK_HEADER = YES;
				CLANG_WARN_RANGE_LOOP_ANALYSIS = YES;
				CLANG_WARN_STRICT_PROTOTYPES = YES;
				CLANG_WARN_SUSPICIOUS_MOVE = YES;
				CLANG_WARN_UNGUARDED_AVAILABILITY = YES_AGGRESSIVE;
				CLANG_WARN_UNREACHABLE_CODE = YES;
				CLANG_WARN__DUPLICATE_METHOD_MATCH = YES;
				COPY_PHASE_STRIP = NO;
				DEBUG_INFORMATION_FORMAT = dwarf;
				ENABLE_STRICT_OBJC_MSGSEND = YES;
				ENABLE_TESTABILITY = YES;
				ENABLE_USER_SCRIPT_SANDBOXING = YES;
				GCC_C_LANGUAGE_STANDARD = gnu17;
				GCC_DYNAMIC_NO_PIC = NO;
				GCC_NO_COMMON_BLOCKS = YES;
				GCC_OPTIMIZATION_LEVEL = 0;
				GCC_PREPROCESSOR_DEFINITIONS = (
					"DEBUG=1",
					"$(inherited)",
				);
				GCC_WARN_64_TO_32_BIT_CONVERSION = YES;
				GCC_WARN_ABOUT_RETURN_TYPE = YES_ERROR;
				GCC_WARN_UNDECLARED_SELECTOR = YES;
				GCC_WARN_UNINITIALIZED_AUTOS = YES_AGGRESSIVE;
				GCC_WARN_UNUSED_FUNCTION = YES;
				GCC_WARN_UNUSED_VARIABLE = YES;
				IPHONEOS_DEPLOYMENT_TARGET = 18.2;
				LOCALIZATION_PREFERS_STRING_CATALOGS = YES;
				MTL_ENABLE_DEBUG_INFO = INCLUDE_SOURCE;
				MTL_FAST_MATH = YES;
				ONLY_ACTIVE_ARCH = YES;
				SDKROOT = iphoneos;
				SWIFT_ACTIVE_COMPILATION_CONDITIONS = "DEBUG $(inherited)";
				SWIFT_OPTIMIZATION_LEVEL = "-Onone";
			};
			name = Debug;
		};
		A10132F02DFB24D3009D3228 /* Release */ = {
			isa = XCBuildConfiguration;
			buildSettings = {
				ALWAYS_SEARCH_USER_PATHS = NO;
				ASSETCATALOG_COMPILER_GENERATE_SWIFT_ASSET_SYMBOL_EXTENSIONS = YES;
				CLANG_ANALYZER_NONNULL = YES;
				CLANG_ANALYZER_NUMBER_OBJECT_CONVERSION = YES_AGGRESSIVE;
				CLANG_CXX_LANGUAGE_STANDARD = "gnu++20";
				CLANG_ENABLE_MODULES = YES;
				CLANG_ENABLE_OBJC_ARC = YES;
				CLANG_ENABLE_OBJC_WEAK = YES;
				CLANG_WARN_BLOCK_CAPTURE_AUTORELEASING = YES;
				CLANG_WARN_BOOL_CONVERSION = YES;
				CLANG_WARN_COMMA = YES;
				CLANG_WARN_CONSTANT_CONVERSION = YES;
				CLANG_WARN_DEPRECATED_OBJC_IMPLEMENTATIONS = YES;
				CLANG_WARN_DIRECT_OBJC_ISA_USAGE = YES_ERROR;
				CLANG_WARN_DOCUMENTATION_COMMENTS = YES;
				CLANG_WARN_EMPTY_BODY = YES;
				CLANG_WARN_ENUM_CONVERSION = YES;
				CLANG_WARN_INFINITE_RECURSION = YES;
				CLANG_WARN_INT_CONVERSION = YES;
				CLANG_WARN_NON_LITERAL_NULL_CONVERSION = YES;
				CLANG_WARN_OBJC_IMPLICIT_RETAIN_SELF = YES;
				CLANG_WARN_OBJC_LITERAL_CONVERSION = YES;
				CLANG_WARN_OBJC_ROOT_CLASS = YES_ERROR;
				CLANG_WARN_QUOTED_INCLUDE_IN_FRAMEWORK_HEADER = YES;
				CLANG_WARN_RANGE_LOOP_ANALYSIS = YES;
				CLANG_WARN_STRICT_PROTOTYPES = YES;
				CLANG_WARN_SUSPICIOUS_MOVE = YES;
				CLANG_WARN_UNGUARDED_AVAILABILITY = YES_AGGRESSIVE;
				CLANG_WARN_UNREACHABLE_CODE = YES;
				CLANG_WARN__DUPLICATE_METHOD_MATCH = YES;
				COPY_PHASE_STRIP = NO;
				DEBUG_INFORMATION_FORMAT = "dwarf-with-dsym";
				ENABLE_NS_ASSERTIONS = NO;
				ENABLE_STRICT_OBJC_MSGSEND = YES;
				ENABLE_USER_SCRIPT_SANDBOXING = YES;
				GCC_C_LANGUAGE_STANDARD = gnu17;
				GCC_NO_COMMON_BLOCKS = YES;
				GCC_WARN_64_TO_32_BIT_CONVERSION = YES;
				GCC_WARN_ABOUT_RETURN_TYPE = YES_ERROR;
				GCC_WARN_UNDECLARED_SELECTOR = YES;
				GCC_WARN_UNINITIALIZED_AUTOS = YES_AGGRESSIVE;
				GCC_WARN_UNUSED_FUNCTION = YES;
				GCC_WARN_UNUSED_VARIABLE = YES;
				IPHONEOS_DEPLOYMENT_TARGET = 18.2;
				LOCALIZATION_PREFERS_STRING_CATALOGS = YES;
				MTL_ENABLE_DEBUG_INFO = NO;
				MTL_FAST_MATH = YES;
				SDKROOT = iphoneos;
				SWIFT_COMPILATION_MODE = wholemodule;
				VALIDATE_PRODUCT = YES;
			};
			name = Release;
		};
		A10132F22DFB24D3009D3228 /* Debug */ = {
			isa = XCBuildConfiguration;
			buildSettings = {
				ASSETCATALOG_COMPILER_APPICON_NAME = AppIcon;
				ASSETCATALOG_COMPILER_GLOBAL_ACCENT_COLOR_NAME = AccentColor;
				CODE_SIGN_STYLE = Automatic;
				CURRENT_PROJECT_VERSION = 1;
				DEVELOPMENT_ASSET_PATHS = "\"AGMarvelApp/Preview Content\"";
				DEVELOPMENT_TEAM = DRKH5MTLPD;
				ENABLE_PREVIEWS = YES;
				GENERATE_INFOPLIST_FILE = YES;
				INFOPLIST_FILE = AGMarvelApp/Info.plist;
				INFOPLIST_KEY_UIApplicationSceneManifest_Generation = YES;
				INFOPLIST_KEY_UIApplicationSupportsIndirectInputEvents = YES;
				INFOPLIST_KEY_UILaunchScreen_Generation = YES;
				INFOPLIST_KEY_UISupportedInterfaceOrientations_iPad = "UIInterfaceOrientationPortrait UIInterfaceOrientationPortraitUpsideDown UIInterfaceOrientationLandscapeLeft UIInterfaceOrientationLandscapeRight";
				INFOPLIST_KEY_UISupportedInterfaceOrientations_iPhone = "UIInterfaceOrientationPortrait UIInterfaceOrientationLandscapeLeft UIInterfaceOrientationLandscapeRight";
				LD_RUNPATH_SEARCH_PATHS = (
					"$(inherited)",
					"@executable_path/Frameworks",
				);
				MARKETING_VERSION = 1.0;
				PRODUCT_BUNDLE_IDENTIFIER = com.anaganfornina.AGMarvelApp;
				PRODUCT_NAME = "$(TARGET_NAME)";
				SWIFT_EMIT_LOC_STRINGS = YES;
				SWIFT_VERSION = 5.0;
				TARGETED_DEVICE_FAMILY = "1,2";
			};
			name = Debug;
		};
		A10132F32DFB24D3009D3228 /* Release */ = {
			isa = XCBuildConfiguration;
			buildSettings = {
				ASSETCATALOG_COMPILER_APPICON_NAME = AppIcon;
				ASSETCATALOG_COMPILER_GLOBAL_ACCENT_COLOR_NAME = AccentColor;
				CODE_SIGN_STYLE = Automatic;
				CURRENT_PROJECT_VERSION = 1;
				DEVELOPMENT_ASSET_PATHS = "\"AGMarvelApp/Preview Content\"";
				DEVELOPMENT_TEAM = DRKH5MTLPD;
				ENABLE_PREVIEWS = YES;
				GENERATE_INFOPLIST_FILE = YES;
				INFOPLIST_FILE = AGMarvelApp/Info.plist;
				INFOPLIST_KEY_UIApplicationSceneManifest_Generation = YES;
				INFOPLIST_KEY_UIApplicationSupportsIndirectInputEvents = YES;
				INFOPLIST_KEY_UILaunchScreen_Generation = YES;
				INFOPLIST_KEY_UISupportedInterfaceOrientations_iPad = "UIInterfaceOrientationPortrait UIInterfaceOrientationPortraitUpsideDown UIInterfaceOrientationLandscapeLeft UIInterfaceOrientationLandscapeRight";
				INFOPLIST_KEY_UISupportedInterfaceOrientations_iPhone = "UIInterfaceOrientationPortrait UIInterfaceOrientationLandscapeLeft UIInterfaceOrientationLandscapeRight";
				LD_RUNPATH_SEARCH_PATHS = (
					"$(inherited)",
					"@executable_path/Frameworks",
				);
				MARKETING_VERSION = 1.0;
				PRODUCT_BUNDLE_IDENTIFIER = com.anaganfornina.AGMarvelApp;
				PRODUCT_NAME = "$(TARGET_NAME)";
				SWIFT_EMIT_LOC_STRINGS = YES;
				SWIFT_VERSION = 5.0;
				TARGETED_DEVICE_FAMILY = "1,2";
			};
			name = Release;
		};
		A10132F52DFB24D3009D3228 /* Debug */ = {
			isa = XCBuildConfiguration;
			buildSettings = {
				BUNDLE_LOADER = "$(TEST_HOST)";
				CODE_SIGN_STYLE = Automatic;
				CURRENT_PROJECT_VERSION = 1;
				DEVELOPMENT_TEAM = DRKH5MTLPD;
				GENERATE_INFOPLIST_FILE = YES;
				IPHONEOS_DEPLOYMENT_TARGET = 18.2;
				MARKETING_VERSION = 1.0;
				PRODUCT_BUNDLE_IDENTIFIER = com.anaganfornina.AGMarvelAppTests;
				PRODUCT_NAME = "$(TARGET_NAME)";
				SWIFT_EMIT_LOC_STRINGS = NO;
				SWIFT_VERSION = 5.0;
				TARGETED_DEVICE_FAMILY = "1,2";
				TEST_HOST = "$(BUILT_PRODUCTS_DIR)/AGMarvelApp.app/$(BUNDLE_EXECUTABLE_FOLDER_PATH)/AGMarvelApp";
			};
			name = Debug;
		};
		A10132F62DFB24D3009D3228 /* Release */ = {
			isa = XCBuildConfiguration;
			buildSettings = {
				BUNDLE_LOADER = "$(TEST_HOST)";
				CODE_SIGN_STYLE = Automatic;
				CURRENT_PROJECT_VERSION = 1;
				DEVELOPMENT_TEAM = DRKH5MTLPD;
				GENERATE_INFOPLIST_FILE = YES;
				IPHONEOS_DEPLOYMENT_TARGET = 18.2;
				MARKETING_VERSION = 1.0;
				PRODUCT_BUNDLE_IDENTIFIER = com.anaganfornina.AGMarvelAppTests;
				PRODUCT_NAME = "$(TARGET_NAME)";
				SWIFT_EMIT_LOC_STRINGS = NO;
				SWIFT_VERSION = 5.0;
				TARGETED_DEVICE_FAMILY = "1,2";
				TEST_HOST = "$(BUILT_PRODUCTS_DIR)/AGMarvelApp.app/$(BUNDLE_EXECUTABLE_FOLDER_PATH)/AGMarvelApp";
			};
			name = Release;
		};
		A10132F82DFB24D3009D3228 /* Debug */ = {
			isa = XCBuildConfiguration;
			buildSettings = {
				CODE_SIGN_STYLE = Automatic;
				CURRENT_PROJECT_VERSION = 1;
				DEVELOPMENT_TEAM = DRKH5MTLPD;
				GENERATE_INFOPLIST_FILE = YES;
				MARKETING_VERSION = 1.0;
				PRODUCT_BUNDLE_IDENTIFIER = com.anaganfornina.AGMarvelAppUITests;
				PRODUCT_NAME = "$(TARGET_NAME)";
				SWIFT_EMIT_LOC_STRINGS = NO;
				SWIFT_VERSION = 5.0;
				TARGETED_DEVICE_FAMILY = "1,2";
				TEST_TARGET_NAME = AGMarvelApp;
			};
			name = Debug;
		};
		A10132F92DFB24D3009D3228 /* Release */ = {
			isa = XCBuildConfiguration;
			buildSettings = {
				CODE_SIGN_STYLE = Automatic;
				CURRENT_PROJECT_VERSION = 1;
				DEVELOPMENT_TEAM = DRKH5MTLPD;
				GENERATE_INFOPLIST_FILE = YES;
				MARKETING_VERSION = 1.0;
				PRODUCT_BUNDLE_IDENTIFIER = com.anaganfornina.AGMarvelAppUITests;
				PRODUCT_NAME = "$(TARGET_NAME)";
				SWIFT_EMIT_LOC_STRINGS = NO;
				SWIFT_VERSION = 5.0;
				TARGETED_DEVICE_FAMILY = "1,2";
				TEST_TARGET_NAME = AGMarvelApp;
			};
			name = Release;
		};
/* End XCBuildConfiguration section */

/* Begin XCConfigurationList section */
		A10132C82DFB24D0009D3228 /* Build configuration list for PBXProject "AGMarvelApp" */ = {
			isa = XCConfigurationList;
			buildConfigurations = (
				A10132EF2DFB24D3009D3228 /* Debug */,
				A10132F02DFB24D3009D3228 /* Release */,
			);
			defaultConfigurationIsVisible = 0;
			defaultConfigurationName = Release;
		};
		A10132F12DFB24D3009D3228 /* Build configuration list for PBXNativeTarget "AGMarvelApp" */ = {
			isa = XCConfigurationList;
			buildConfigurations = (
				A10132F22DFB24D3009D3228 /* Debug */,
				A10132F32DFB24D3009D3228 /* Release */,
			);
			defaultConfigurationIsVisible = 0;
			defaultConfigurationName = Release;
		};
		A10132F42DFB24D3009D3228 /* Build configuration list for PBXNativeTarget "AGMarvelAppTests" */ = {
			isa = XCConfigurationList;
			buildConfigurations = (
				A10132F52DFB24D3009D3228 /* Debug */,
				A10132F62DFB24D3009D3228 /* Release */,
			);
			defaultConfigurationIsVisible = 0;
			defaultConfigurationName = Release;
		};
		A10132F72DFB24D3009D3228 /* Build configuration list for PBXNativeTarget "AGMarvelAppUITests" */ = {
			isa = XCConfigurationList;
			buildConfigurations = (
				A10132F82DFB24D3009D3228 /* Debug */,
				A10132F92DFB24D3009D3228 /* Release */,
			);
			defaultConfigurationIsVisible = 0;
			defaultConfigurationName = Release;
		};
/* End XCConfigurationList section */
	};
	rootObject = A10132C52DFB24D0009D3228 /* Project object */;
}
